// !$*UTF8*$!
{
	archiveVersion = 1;
	classes = {
	};
	objectVersion = 46;
	objects = {

/* Begin PBXBuildFile section */
		CAE6B94B1C6FB97D008981A4 /* main.m in Sources */ = {isa = PBXBuildFile; fileRef = CAE6B94A1C6FB97D008981A4 /* main.m */; };
		CAE6B94E1C6FB97D008981A4 /* AppDelegate.m in Sources */ = {isa = PBXBuildFile; fileRef = CAE6B94D1C6FB97D008981A4 /* AppDelegate.m */; };
		CAE6B9511C6FB97D008981A4 /* ViewController.m in Sources */ = {isa = PBXBuildFile; fileRef = CAE6B9501C6FB97D008981A4 /* ViewController.m */; };
		CAE6B9541C6FB97D008981A4 /* Main.storyboard in Resources */ = {isa = PBXBuildFile; fileRef = CAE6B9521C6FB97D008981A4 /* Main.storyboard */; };
		CAE6B9561C6FB97D008981A4 /* Assets.xcassets in Resources */ = {isa = PBXBuildFile; fileRef = CAE6B9551C6FB97D008981A4 /* Assets.xcassets */; };
		CAE6B9591C6FB97D008981A4 /* LaunchScreen.storyboard in Resources */ = {isa = PBXBuildFile; fileRef = CAE6B9571C6FB97D008981A4 /* LaunchScreen.storyboard */; };
		CAE6B9621C6FBE6C008981A4 /* YiDaVC.m in Sources */ = {isa = PBXBuildFile; fileRef = CAE6B9611C6FBE6C008981A4 /* YiDaVC.m */; };
/* End PBXBuildFile section */

/* Begin PBXFileReference section */
		CAE6B9461C6FB97D008981A4 /* Demo.app */ = {isa = PBXFileReference; explicitFileType = wrapper.application; includeInIndex = 0; path = Demo.app; sourceTree = BUILT_PRODUCTS_DIR; };
		CAE6B94A1C6FB97D008981A4 /* main.m */ = {isa = PBXFileReference; lastKnownFileType = sourcecode.c.objc; path = main.m; sourceTree = "<group>"; };
		CAE6B94C1C6FB97D008981A4 /* AppDelegate.h */ = {isa = PBXFileReference; lastKnownFileType = sourcecode.c.h; path = AppDelegate.h; sourceTree = "<group>"; };
		CAE6B94D1C6FB97D008981A4 /* AppDelegate.m */ = {isa = PBXFileReference; lastKnownFileType = sourcecode.c.objc; path = AppDelegate.m; sourceTree = "<group>"; };
		CAE6B94F1C6FB97D008981A4 /* ViewController.h */ = {isa = PBXFileReference; lastKnownFileType = sourcecode.c.h; path = ViewController.h; sourceTree = "<group>"; };
		CAE6B9501C6FB97D008981A4 /* ViewController.m */ = {isa = PBXFileReference; lastKnownFileType = sourcecode.c.objc; path = ViewController.m; sourceTree = "<group>"; };
		CAE6B9531C6FB97D008981A4 /* Base */ = {isa = PBXFileReference; lastKnownFileType = file.storyboard; name = Base; path = Base.lproj/Main.storyboard; sourceTree = "<group>"; };
		CAE6B9551C6FB97D008981A4 /* Assets.xcassets */ = {isa = PBXFileReference; lastKnownFileType = folder.assetcatalog; path = Assets.xcassets; sourceTree = "<group>"; };
		CAE6B9581C6FB97D008981A4 /* Base */ = {isa = PBXFileReference; lastKnownFileType = file.storyboard; name = Base; path = Base.lproj/LaunchScreen.storyboard; sourceTree = "<group>"; };
		CAE6B95A1C6FB97D008981A4 /* Info.plist */ = {isa = PBXFileReference; lastKnownFileType = text.plist.xml; path = Info.plist; sourceTree = "<group>"; };
		CAE6B9601C6FBE6C008981A4 /* YiDaVC.h */ = {isa = PBXFileReference; fileEncoding = 4; lastKnownFileType = sourcecode.c.h; path = YiDaVC.h; sourceTree = "<group>"; };
		CAE6B9611C6FBE6C008981A4 /* YiDaVC.m */ = {isa = PBXFileReference; fileEncoding = 4; lastKnownFileType = sourcecode.c.objc; path = YiDaVC.m; sourceTree = "<group>"; };
/* End PBXFileReference section */

/* Begin PBXFrameworksBuildPhase section */
		CAE6B9431C6FB97D008981A4 /* Frameworks */ = {
			isa = PBXFrameworksBuildPhase;
			buildActionMask = 2147483647;
			files = (
			);
			runOnlyForDeploymentPostprocessing = 0;
		};
/* End PBXFrameworksBuildPhase section */

/* Begin PBXGroup section */
		CAE6B93D1C6FB97D008981A4 = {
			isa = PBXGroup;
			children = (
				CAE6B9481C6FB97D008981A4 /* Demo */,
				CAE6B9471C6FB97D008981A4 /* Products */,
			);
			sourceTree = "<group>";
		};
		CAE6B9471C6FB97D008981A4 /* Products */ = {
			isa = PBXGroup;
			children = (
				CAE6B9461C6FB97D008981A4 /* Demo.app */,
			);
			name = Products;
			sourceTree = "<group>";
		};
		CAE6B9481C6FB97D008981A4 /* Demo */ = {
			isa = PBXGroup;
			children = (
				CAE6B94C1C6FB97D008981A4 /* AppDelegate.h */,
				CAE6B94D1C6FB97D008981A4 /* AppDelegate.m */,
				CAE6B94F1C6FB97D008981A4 /* ViewController.h */,
				CAE6B9501C6FB97D008981A4 /* ViewController.m */,
				CAE6B9521C6FB97D008981A4 /* Main.storyboard */,
				CAE6B9551C6FB97D008981A4 /* Assets.xcassets */,
				CAE6B9571C6FB97D008981A4 /* LaunchScreen.storyboard */,
				CAE6B95A1C6FB97D008981A4 /* Info.plist */,
				CAE6B9491C6FB97D008981A4 /* Supporting Files */,
				CAE6B9601C6FBE6C008981A4 /* YiDaVC.h */,
				CAE6B9611C6FBE6C008981A4 /* YiDaVC.m */,
			);
			path = Demo;
			sourceTree = "<group>";
		};
		CAE6B9491C6FB97D008981A4 /* Supporting Files */ = {
			isa = PBXGroup;
			children = (
				CAE6B94A1C6FB97D008981A4 /* main.m */,
			);
			name = "Supporting Files";
			sourceTree = "<group>";
		};
/* End PBXGroup section */

/* Begin PBXNativeTarget section */
		CAE6B9451C6FB97D008981A4 /* Demo */ = {
			isa = PBXNativeTarget;
			buildConfigurationList = CAE6B95D1C6FB97D008981A4 /* Build configuration list for PBXNativeTarget "Demo" */;
			buildPhases = (
				CAE6B9421C6FB97D008981A4 /* Sources */,
				CAE6B9431C6FB97D008981A4 /* Frameworks */,
				CAE6B9441C6FB97D008981A4 /* Resources */,
			);
			buildRules = (
			);
			dependencies = (
			);
			name = Demo;
			productName = Demo;
			productReference = CAE6B9461C6FB97D008981A4 /* Demo.app */;
			productType = "com.apple.product-type.application";
		};
/* End PBXNativeTarget section */

/* Begin PBXProject section */
		CAE6B93E1C6FB97D008981A4 /* Project object */ = {
			isa = PBXProject;
			attributes = {
				LastUpgradeCheck = 0720;
				ORGANIZATIONNAME = "Mr Qian";
				TargetAttributes = {
					CAE6B9451C6FB97D008981A4 = {
						CreatedOnToolsVersion = 7.2;
					};
				};
			};
			buildConfigurationList = CAE6B9411C6FB97D008981A4 /* Build configuration list for PBXProject "Demo" */;
			compatibilityVersion = "Xcode 3.2";
			developmentRegion = English;
			hasScannedForEncodings = 0;
			knownRegions = (
				en,
				Base,
			);
			mainGroup = CAE6B93D1C6FB97D008981A4;
			productRefGroup = CAE6B9471C6FB97D008981A4 /* Products */;
			projectDirPath = "";
			projectRoot = "";
			targets = (
				CAE6B9451C6FB97D008981A4 /* Demo */,
			);
		};
/* End PBXProject section */

/* Begin PBXResourcesBuildPhase section */
		CAE6B9441C6FB97D008981A4 /* Resources */ = {
			isa = PBXResourcesBuildPhase;
			buildActionMask = 2147483647;
			files = (
				CAE6B9591C6FB97D008981A4 /* LaunchScreen.storyboard in Resources */,
				CAE6B9561C6FB97D008981A4 /* Assets.xcassets in Resources */,
				CAE6B9541C6FB97D008981A4 /* Main.storyboard in Resources */,
			);
			runOnlyForDeploymentPostprocessing = 0;
		};
/* End PBXResourcesBuildPhase section */

/* Begin PBXSourcesBuildPhase section */
		CAE6B9421C6FB97D008981A4 /* Sources */ = {
			isa = PBXSourcesBuildPhase;
			buildActionMask = 2147483647;
			files = (
				CAE6B9511C6FB97D008981A4 /* ViewController.m in Sources */,
				CAE6B94E1C6FB97D008981A4 /* AppDelegate.m in Sources */,
				CAE6B94B1C6FB97D008981A4 /* main.m in Sources */,
				CAE6B9621C6FBE6C008981A4 /* YiDaVC.m in Sources */,
			);
			runOnlyForDeploymentPostprocessing = 0;
		};
/* End PBXSourcesBuildPhase section */

/* Begin PBXVariantGroup section */
		CAE6B9521C6FB97D008981A4 /* Main.storyboard */ = {
			isa = PBXVariantGroup;
			children = (
				CAE6B9531C6FB97D008981A4 /* Base */,
			);
			name = Main.storyboard;
			sourceTree = "<group>";
		};
		CAE6B9571C6FB97D008981A4 /* LaunchScreen.storyboard */ = {
			isa = PBXVariantGroup;
			children = (
				CAE6B9581C6FB97D008981A4 /* Base */,
			);
			name = LaunchScreen.storyboard;
			sourceTree = "<group>";
		};
/* End PBXVariantGroup section */

/* Begin XCBuildConfiguration section */
		CAE6B95B1C6FB97D008981A4 /* Debug */ = {
			isa = XCBuildConfiguration;
			buildSettings = {
				ALWAYS_SEARCH_USER_PATHS = NO;
				CLANG_CXX_LANGUAGE_STANDARD = "gnu++0x";
				CLANG_CXX_LIBRARY = "libc++";
				CLANG_ENABLE_MODULES = YES;
				CLANG_ENABLE_OBJC_ARC = YES;
				CLANG_WARN_BOOL_CONVERSION = YES;
				CLANG_WARN_CONSTANT_CONVERSION = YES;
				CLANG_WARN_DIRECT_OBJC_ISA_USAGE = YES_ERROR;
				CLANG_WARN_EMPTY_BODY = YES;
				CLANG_WARN_ENUM_CONVERSION = YES;
				CLANG_WARN_INT_CONVERSION = YES;
				CLANG_WARN_OBJC_ROOT_CLASS = YES_ERROR;
				CLANG_WARN_UNREACHABLE_CODE = YES;
				CLANG_WARN__DUPLICATE_METHOD_MATCH = YES;
				"CODE_SIGN_IDENTITY[sdk=iphoneos*]" = "iPhone Developer";
				COPY_PHASE_STRIP = NO;
				DEBUG_INFORMATION_FORMAT = dwarf;
				ENABLE_STRICT_OBJC_MSGSEND = YES;
				ENABLE_TESTABILITY = YES;
				GCC_C_LANGUAGE_STANDARD = gnu99;
				GCC_DYNAMIC_NO_PIC = NO;
				GCC_NO_COMMON_BLOCKS = YES;
				GCC_OPTIMIZATION_LEVEL = 0;
				GCC_PREPROCESSOR_DEFINITIONS = (
					"DEBUG=1",
					"$(inherited)",
				);
				GCC_WARN_64_TO_32_BIT_CONVERSION = YES;
				GCC_WARN_ABOUT_RETURN_TYPE = YES_ERROR;
				GCC_WARN_UNDECLARED_SELECTOR = YES;
				GCC_WARN_UNINITIALIZED_AUTOS = YES_AGGRESSIVE;
				GCC_WARN_UNUSED_FUNCTION = YES;
				GCC_WARN_UNUSED_VARIABLE = YES;
				IPHONEOS_DEPLOYMENT_TARGET = 9.2;
				MTL_ENABLE_DEBUG_INFO = YES;
				ONLY_ACTIVE_ARCH = YES;
				SDKROOT = iphoneos;
			};
			name = Debug;
		};
		CAE6B95C1C6FB97D008981A4 /* Release */ = {
			isa = XCBuildConfiguration;
			buildSettings = {
				ALWAYS_SEARCH_USER_PATHS = NO;
				CLANG_CXX_LANGUAGE_STANDARD = "gnu++0x";
				CLANG_CXX_LIBRARY = "libc++";
				CLANG_ENABLE_MODULES = YES;
				CLANG_ENABLE_OBJC_ARC = YES;
				CLANG_WARN_BOOL_CONVERSION = YES;
				CLANG_WARN_CONSTANT_CONVERSION = YES;
				CLANG_WARN_DIRECT_OBJC_ISA_USAGE = YES_ERROR;
				CLANG_WARN_EMPTY_BODY = YES;
				CLANG_WARN_ENUM_CONVERSION = YES;
				CLANG_WARN_INT_CONVERSION = YES;
				CLANG_WARN_OBJC_ROOT_CLASS = YES_ERROR;
				CLANG_WARN_UNREACHABLE_CODE = YES;
				CLANG_WARN__DUPLICATE_METHOD_MATCH = YES;
				"CODE_SIGN_IDENTITY[sdk=iphoneos*]" = "iPhone Developer";
				COPY_PHASE_STRIP = NO;
				DEBUG_INFORMATION_FORMAT = "dwarf-with-dsym";
				ENABLE_NS_ASSERTIONS = NO;
				ENABLE_STRICT_OBJC_MSGSEND = YES;
				GCC_C_LANGUAGE_STANDARD = gnu99;
				GCC_NO_COMMON_BLOCKS = YES;
				GCC_WARN_64_TO_32_BIT_CONVERSION = YES;
				GCC_WARN_ABOUT_RETURN_TYPE = YES_ERROR;
				GCC_WARN_UNDECLARED_SELECTOR = YES;
				GCC_WARN_UNINITIALIZED_AUTOS = YES_AGGRESSIVE;
				GCC_WARN_UNUSED_FUNCTION = YES;
				GCC_WARN_UNUSED_VARIABLE = YES;
				IPHONEOS_DEPLOYMENT_TARGET = 9.2;
				MTL_ENABLE_DEBUG_INFO = NO;
				SDKROOT = iphoneos;
				VALIDATE_PRODUCT = YES;
			};
			name = Release;
		};
		CAE6B95E1C6FB97D008981A4 /* Debug */ = {
			isa = XCBuildConfiguration;
			buildSettings = {
				ASSETCATALOG_COMPILER_APPICON_NAME = AppIcon;
				INFOPLIST_FILE = Demo/Info.plist;
				LD_RUNPATH_SEARCH_PATHS = "$(inherited) @executable_path/Frameworks";
				PRODUCT_BUNDLE_IDENTIFIER = com.yidahulian.Demo;
				PRODUCT_NAME = "$(TARGET_NAME)";
			};
			name = Debug;
		};
		CAE6B95F1C6FB97D008981A4 /* Release */ = {
			isa = XCBuildConfiguration;
			buildSettings = {
				ASSETCATALOG_COMPILER_APPICON_NAME = AppIcon;
				INFOPLIST_FILE = Demo/Info.plist;
				LD_RUNPATH_SEARCH_PATHS = "$(inherited) @executable_path/Frameworks";
				PRODUCT_BUNDLE_IDENTIFIER = com.yidahulian.Demo;
				PRODUCT_NAME = "$(TARGET_NAME)";
			};
			name = Release;
		};
/* End XCBuildConfiguration section */

/* Begin XCConfigurationList section */
		CAE6B9411C6FB97D008981A4 /* Build configuration list for PBXProject "Demo" */ = {
			isa = XCConfigurationList;
			buildConfigurations = (
				CAE6B95B1C6FB97D008981A4 /* Debug */,
				CAE6B95C1C6FB97D008981A4 /* Release */,
			);
			defaultConfigurationIsVisible = 0;
			defaultConfigurationName = Release;
		};
		CAE6B95D1C6FB97D008981A4 /* Build configuration list for PBXNativeTarget "Demo" */ = {
			isa = XCConfigurationList;
			buildConfigurations = (
				CAE6B95E1C6FB97D008981A4 /* Debug */,
				CAE6B95F1C6FB97D008981A4 /* Release */,
			);
			defaultConfigurationIsVisible = 0;
		};
/* End XCConfigurationList section */
	};
	rootObject = CAE6B93E1C6FB97D008981A4 /* Project object */;
}
